// !$*UTF8*$!
{
	archiveVersion = 1;
	classes = {
	};
	objectVersion = 56;
	objects = {

/* Begin PBXBuildFile section */
		34EE558B96DD6387BCA4D568 /* Pods_Notes.framework in Frameworks */ = {isa = PBXBuildFile; fileRef = 6856F385CC1B081853259224 /* Pods_Notes.framework */; };
		751FDAD529CAF012007D69FA /* DeclinationExtension.swift in Sources */ = {isa = PBXBuildFile; fileRef = 751FDAD429CAF012007D69FA /* DeclinationExtension.swift */; };
		758BB6C129C99C47007C3FFB /* AppDelegate.swift in Sources */ = {isa = PBXBuildFile; fileRef = 758BB6C029C99C47007C3FFB /* AppDelegate.swift */; };
		758BB6C329C99C47007C3FFB /* SceneDelegate.swift in Sources */ = {isa = PBXBuildFile; fileRef = 758BB6C229C99C47007C3FFB /* SceneDelegate.swift */; };
		758BB6C529C99C47007C3FFB /* NotesViewController.swift in Sources */ = {isa = PBXBuildFile; fileRef = 758BB6C429C99C47007C3FFB /* NotesViewController.swift */; };
		758BB6C829C99C47007C3FFB /* Main.storyboard in Resources */ = {isa = PBXBuildFile; fileRef = 758BB6C629C99C47007C3FFB /* Main.storyboard */; };
		758BB6CA29C99C48007C3FFB /* Assets.xcassets in Resources */ = {isa = PBXBuildFile; fileRef = 758BB6C929C99C48007C3FFB /* Assets.xcassets */; };
		758BB6D829C99EF0007C3FFB /* Note.swift in Sources */ = {isa = PBXBuildFile; fileRef = 758BB6D729C99EF0007C3FFB /* Note.swift */; };
		758BB6DA29C9A03D007C3FFB /* NotesViewModel.swift in Sources */ = {isa = PBXBuildFile; fileRef = 758BB6D929C9A03D007C3FFB /* NotesViewModel.swift */; };
		758BB6E029C9A3F0007C3FFB /* NoteTableViewCell.swift in Sources */ = {isa = PBXBuildFile; fileRef = 758BB6DE29C9A3F0007C3FFB /* NoteTableViewCell.swift */; };
		758BB6E129C9A3F0007C3FFB /* NoteTableViewCell.xib in Resources */ = {isa = PBXBuildFile; fileRef = 758BB6DF29C9A3F0007C3FFB /* NoteTableViewCell.xib */; };
		758BB70829C9F95C007C3FFB /* LaunchScreen.storyboard in Resources */ = {isa = PBXBuildFile; fileRef = 758BB70629C9F95C007C3FFB /* LaunchScreen.storyboard */; };
/* End PBXBuildFile section */

/* Begin PBXFileReference section */
		6856F385CC1B081853259224 /* Pods_Notes.framework */ = {isa = PBXFileReference; explicitFileType = wrapper.framework; includeInIndex = 0; path = Pods_Notes.framework; sourceTree = BUILT_PRODUCTS_DIR; };
		751FDAD429CAF012007D69FA /* DeclinationExtension.swift */ = {isa = PBXFileReference; lastKnownFileType = sourcecode.swift; path = DeclinationExtension.swift; sourceTree = "<group>"; };
		758BB6BD29C99C47007C3FFB /* Notes.app */ = {isa = PBXFileReference; explicitFileType = wrapper.application; includeInIndex = 0; path = Notes.app; sourceTree = BUILT_PRODUCTS_DIR; };
		758BB6C029C99C47007C3FFB /* AppDelegate.swift */ = {isa = PBXFileReference; lastKnownFileType = sourcecode.swift; path = AppDelegate.swift; sourceTree = "<group>"; };
		758BB6C229C99C47007C3FFB /* SceneDelegate.swift */ = {isa = PBXFileReference; lastKnownFileType = sourcecode.swift; path = SceneDelegate.swift; sourceTree = "<group>"; };
		758BB6C429C99C47007C3FFB /* NotesViewController.swift */ = {isa = PBXFileReference; lastKnownFileType = sourcecode.swift; path = NotesViewController.swift; sourceTree = "<group>"; };
		758BB6C729C99C47007C3FFB /* Base */ = {isa = PBXFileReference; lastKnownFileType = file.storyboard; name = Base; path = Base.lproj/Main.storyboard; sourceTree = "<group>"; };
		758BB6C929C99C48007C3FFB /* Assets.xcassets */ = {isa = PBXFileReference; lastKnownFileType = folder.assetcatalog; path = Assets.xcassets; sourceTree = "<group>"; };
		758BB6CE29C99C48007C3FFB /* Info.plist */ = {isa = PBXFileReference; lastKnownFileType = text.plist.xml; path = Info.plist; sourceTree = "<group>"; };
		758BB6D729C99EF0007C3FFB /* Note.swift */ = {isa = PBXFileReference; lastKnownFileType = sourcecode.swift; path = Note.swift; sourceTree = "<group>"; };
		758BB6D929C9A03D007C3FFB /* NotesViewModel.swift */ = {isa = PBXFileReference; lastKnownFileType = sourcecode.swift; path = NotesViewModel.swift; sourceTree = "<group>"; };
		758BB6DE29C9A3F0007C3FFB /* NoteTableViewCell.swift */ = {isa = PBXFileReference; lastKnownFileType = sourcecode.swift; path = NoteTableViewCell.swift; sourceTree = "<group>"; };
		758BB6DF29C9A3F0007C3FFB /* NoteTableViewCell.xib */ = {isa = PBXFileReference; lastKnownFileType = file.xib; path = NoteTableViewCell.xib; sourceTree = "<group>"; };
		758BB70729C9F95C007C3FFB /* Base */ = {isa = PBXFileReference; lastKnownFileType = file.storyboard; name = Base; path = Base.lproj/LaunchScreen.storyboard; sourceTree = "<group>"; };
		B8D68FD042C6D8D0910DBA16 /* Pods-Notes.release.xcconfig */ = {isa = PBXFileReference; includeInIndex = 1; lastKnownFileType = text.xcconfig; name = "Pods-Notes.release.xcconfig"; path = "Target Support Files/Pods-Notes/Pods-Notes.release.xcconfig"; sourceTree = "<group>"; };
		BDCF7BCE6C907F3C18C706BF /* Pods-Notes.debug.xcconfig */ = {isa = PBXFileReference; includeInIndex = 1; lastKnownFileType = text.xcconfig; name = "Pods-Notes.debug.xcconfig"; path = "Target Support Files/Pods-Notes/Pods-Notes.debug.xcconfig"; sourceTree = "<group>"; };
/* End PBXFileReference section */

/* Begin PBXFrameworksBuildPhase section */
		758BB6BA29C99C47007C3FFB /* Frameworks */ = {
			isa = PBXFrameworksBuildPhase;
			buildActionMask = 2147483647;
			files = (
				34EE558B96DD6387BCA4D568 /* Pods_Notes.framework in Frameworks */,
			);
			runOnlyForDeploymentPostprocessing = 0;
		};
/* End PBXFrameworksBuildPhase section */

/* Begin PBXGroup section */
		19D7A7BB7B81D51DB7D5FFFA /* Pods */ = {
			isa = PBXGroup;
			children = (
				BDCF7BCE6C907F3C18C706BF /* Pods-Notes.debug.xcconfig */,
				B8D68FD042C6D8D0910DBA16 /* Pods-Notes.release.xcconfig */,
			);
			path = Pods;
			sourceTree = "<group>";
		};
		3AA2D66F1D2DE9B3C87A7F6D /* Frameworks */ = {
			isa = PBXGroup;
			children = (
				6856F385CC1B081853259224 /* Pods_Notes.framework */,
			);
			name = Frameworks;
			sourceTree = "<group>";
		};
		751FDAD329CAEFCA007D69FA /* Extensions */ = {
			isa = PBXGroup;
			children = (
				751FDAD429CAF012007D69FA /* DeclinationExtension.swift */,
			);
			path = Extensions;
			sourceTree = "<group>";
		};
		758BB6B429C99C47007C3FFB = {
			isa = PBXGroup;
			children = (
				758BB6BF29C99C47007C3FFB /* Notes */,
				758BB6BE29C99C47007C3FFB /* Products */,
				19D7A7BB7B81D51DB7D5FFFA /* Pods */,
				3AA2D66F1D2DE9B3C87A7F6D /* Frameworks */,
			);
			sourceTree = "<group>";
		};
		758BB6BE29C99C47007C3FFB /* Products */ = {
			isa = PBXGroup;
			children = (
				758BB6BD29C99C47007C3FFB /* Notes.app */,
			);
			name = Products;
			sourceTree = "<group>";
		};
		758BB6BF29C99C47007C3FFB /* Notes */ = {
			isa = PBXGroup;
			children = (
				751FDAD329CAEFCA007D69FA /* Extensions */,
				758BB6D629C99EC1007C3FFB /* ViewModels */,
				758BB6D529C99EBB007C3FFB /* Views */,
				758BB6D429C99EB4007C3FFB /* Models */,
				758BB6C029C99C47007C3FFB /* AppDelegate.swift */,
				758BB6C229C99C47007C3FFB /* SceneDelegate.swift */,
				758BB70629C9F95C007C3FFB /* LaunchScreen.storyboard */,
				758BB6C629C99C47007C3FFB /* Main.storyboard */,
				758BB6C929C99C48007C3FFB /* Assets.xcassets */,
				758BB6CE29C99C48007C3FFB /* Info.plist */,
			);
			path = Notes;
			sourceTree = "<group>";
		};
		758BB6D429C99EB4007C3FFB /* Models */ = {
			isa = PBXGroup;
			children = (
				758BB6D729C99EF0007C3FFB /* Note.swift */,
			);
			path = Models;
			sourceTree = "<group>";
		};
		758BB6D529C99EBB007C3FFB /* Views */ = {
			isa = PBXGroup;
			children = (
				758BB6DB29C9A389007C3FFB /* Cells */,
				758BB6C429C99C47007C3FFB /* NotesViewController.swift */,
			);
			path = Views;
			sourceTree = "<group>";
		};
		758BB6D629C99EC1007C3FFB /* ViewModels */ = {
			isa = PBXGroup;
			children = (
				758BB6D929C9A03D007C3FFB /* NotesViewModel.swift */,
			);
			path = ViewModels;
			sourceTree = "<group>";
		};
		758BB6DB29C9A389007C3FFB /* Cells */ = {
			isa = PBXGroup;
			children = (
				758BB6DE29C9A3F0007C3FFB /* NoteTableViewCell.swift */,
				758BB6DF29C9A3F0007C3FFB /* NoteTableViewCell.xib */,
			);
			path = Cells;
			sourceTree = "<group>";
		};
/* End PBXGroup section */

/* Begin PBXNativeTarget section */
		758BB6BC29C99C47007C3FFB /* Notes */ = {
			isa = PBXNativeTarget;
			buildConfigurationList = 758BB6D129C99C48007C3FFB /* Build configuration list for PBXNativeTarget "Notes" */;
			buildPhases = (
				9894CF984096BA0582022D64 /* [CP] Check Pods Manifest.lock */,
				758BB6B929C99C47007C3FFB /* Sources */,
				758BB6BA29C99C47007C3FFB /* Frameworks */,
				758BB6BB29C99C47007C3FFB /* Resources */,
				5EF92E2AFF5BA4FDB4A522C3 /* [CP] Embed Pods Frameworks */,
			);
			buildRules = (
			);
			dependencies = (
			);
			name = Notes;
			productName = Notes;
			productReference = 758BB6BD29C99C47007C3FFB /* Notes.app */;
			productType = "com.apple.product-type.application";
		};
/* End PBXNativeTarget section */

/* Begin PBXProject section */
		758BB6B529C99C47007C3FFB /* Project object */ = {
			isa = PBXProject;
			attributes = {
				BuildIndependentTargetsInParallel = 1;
				LastSwiftUpdateCheck = 1420;
				LastUpgradeCheck = 1420;
				TargetAttributes = {
					758BB6BC29C99C47007C3FFB = {
						CreatedOnToolsVersion = 14.2;
					};
				};
			};
			buildConfigurationList = 758BB6B829C99C47007C3FFB /* Build configuration list for PBXProject "Notes" */;
			compatibilityVersion = "Xcode 14.0";
			developmentRegion = en;
			hasScannedForEncodings = 0;
			knownRegions = (
				en,
				Base,
			);
			mainGroup = 758BB6B429C99C47007C3FFB;
			productRefGroup = 758BB6BE29C99C47007C3FFB /* Products */;
			projectDirPath = "";
			projectRoot = "";
			targets = (
				758BB6BC29C99C47007C3FFB /* Notes */,
			);
		};
/* End PBXProject section */

/* Begin PBXResourcesBuildPhase section */
		758BB6BB29C99C47007C3FFB /* Resources */ = {
			isa = PBXResourcesBuildPhase;
			buildActionMask = 2147483647;
			files = (
				758BB6CA29C99C48007C3FFB /* Assets.xcassets in Resources */,
				758BB6C829C99C47007C3FFB /* Main.storyboard in Resources */,
				758BB70829C9F95C007C3FFB /* LaunchScreen.storyboard in Resources */,
				758BB6E129C9A3F0007C3FFB /* NoteTableViewCell.xib in Resources */,
			);
			runOnlyForDeploymentPostprocessing = 0;
		};
/* End PBXResourcesBuildPhase section */

/* Begin PBXShellScriptBuildPhase section */
		5EF92E2AFF5BA4FDB4A522C3 /* [CP] Embed Pods Frameworks */ = {
			isa = PBXShellScriptBuildPhase;
			buildActionMask = 2147483647;
			files = (
			);
			inputFileListPaths = (
				"${PODS_ROOT}/Target Support Files/Pods-Notes/Pods-Notes-frameworks-${CONFIGURATION}-input-files.xcfilelist",
			);
			name = "[CP] Embed Pods Frameworks";
			outputFileListPaths = (
				"${PODS_ROOT}/Target Support Files/Pods-Notes/Pods-Notes-frameworks-${CONFIGURATION}-output-files.xcfilelist",
			);
			runOnlyForDeploymentPostprocessing = 0;
			shellPath = /bin/sh;
			shellScript = "\"${PODS_ROOT}/Target Support Files/Pods-Notes/Pods-Notes-frameworks.sh\"\n";
			showEnvVarsInLog = 0;
		};
		9894CF984096BA0582022D64 /* [CP] Check Pods Manifest.lock */ = {
			isa = PBXShellScriptBuildPhase;
			buildActionMask = 2147483647;
			files = (
			);
			inputFileListPaths = (
			);
			inputPaths = (
				"${PODS_PODFILE_DIR_PATH}/Podfile.lock",
				"${PODS_ROOT}/Manifest.lock",
			);
			name = "[CP] Check Pods Manifest.lock";
			outputFileListPaths = (
			);
			outputPaths = (
				"$(DERIVED_FILE_DIR)/Pods-Notes-checkManifestLockResult.txt",
			);
			runOnlyForDeploymentPostprocessing = 0;
			shellPath = /bin/sh;
			shellScript = "diff \"${PODS_PODFILE_DIR_PATH}/Podfile.lock\" \"${PODS_ROOT}/Manifest.lock\" > /dev/null\nif [ $? != 0 ] ; then\n    # print error to STDERR\n    echo \"error: The sandbox is not in sync with the Podfile.lock. Run 'pod install' or update your CocoaPods installation.\" >&2\n    exit 1\nfi\n# This output is used by Xcode 'outputs' to avoid re-running this script phase.\necho \"SUCCESS\" > \"${SCRIPT_OUTPUT_FILE_0}\"\n";
			showEnvVarsInLog = 0;
		};
/* End PBXShellScriptBuildPhase section */

/* Begin PBXSourcesBuildPhase section */
		758BB6B929C99C47007C3FFB /* Sources */ = {
			isa = PBXSourcesBuildPhase;
			buildActionMask = 2147483647;
			files = (
				758BB6C529C99C47007C3FFB /* NotesViewController.swift in Sources */,
				758BB6DA29C9A03D007C3FFB /* NotesViewModel.swift in Sources */,
				758BB6C129C99C47007C3FFB /* AppDelegate.swift in Sources */,
				758BB6C329C99C47007C3FFB /* SceneDelegate.swift in Sources */,
				758BB6D829C99EF0007C3FFB /* Note.swift in Sources */,
				751FDAD529CAF012007D69FA /* DeclinationExtension.swift in Sources */,
				758BB6E029C9A3F0007C3FFB /* NoteTableViewCell.swift in Sources */,
			);
			runOnlyForDeploymentPostprocessing = 0;
		};
/* End PBXSourcesBuildPhase section */

/* Begin PBXVariantGroup section */
		758BB6C629C99C47007C3FFB /* Main.storyboard */ = {
			isa = PBXVariantGroup;
			children = (
				758BB6C729C99C47007C3FFB /* Base */,
			);
			name = Main.storyboard;
			sourceTree = "<group>";
		};
		758BB70629C9F95C007C3FFB /* LaunchScreen.storyboard */ = {
			isa = PBXVariantGroup;
			children = (
				758BB70729C9F95C007C3FFB /* Base */,
			);
			name = LaunchScreen.storyboard;
			sourceTree = "<group>";
		};
/* End PBXVariantGroup section */

/* Begin XCBuildConfiguration section */
		758BB6CF29C99C48007C3FFB /* Debug */ = {
			isa = XCBuildConfiguration;
			buildSettings = {
				ALWAYS_SEARCH_USER_PATHS = NO;
				CLANG_ANALYZER_NONNULL = YES;
				CLANG_ANALYZER_NUMBER_OBJECT_CONVERSION = YES_AGGRESSIVE;
				CLANG_CXX_LANGUAGE_STANDARD = "gnu++20";
				CLANG_ENABLE_MODULES = YES;
				CLANG_ENABLE_OBJC_ARC = YES;
				CLANG_ENABLE_OBJC_WEAK = YES;
				CLANG_WARN_BLOCK_CAPTURE_AUTORELEASING = YES;
				CLANG_WARN_BOOL_CONVERSION = YES;
				CLANG_WARN_COMMA = YES;
				CLANG_WARN_CONSTANT_CONVERSION = YES;
				CLANG_WARN_DEPRECATED_OBJC_IMPLEMENTATIONS = YES;
				CLANG_WARN_DIRECT_OBJC_ISA_USAGE = YES_ERROR;
				CLANG_WARN_DOCUMENTATION_COMMENTS = YES;
				CLANG_WARN_EMPTY_BODY = YES;
				CLANG_WARN_ENUM_CONVERSION = YES;
				CLANG_WARN_INFINITE_RECURSION = YES;
				CLANG_WARN_INT_CONVERSION = YES;
				CLANG_WARN_NON_LITERAL_NULL_CONVERSION = YES;
				CLANG_WARN_OBJC_IMPLICIT_RETAIN_SELF = YES;
				CLANG_WARN_OBJC_LITERAL_CONVERSION = YES;
				CLANG_WARN_OBJC_ROOT_CLASS = YES_ERROR;
				CLANG_WARN_QUOTED_INCLUDE_IN_FRAMEWORK_HEADER = YES;
				CLANG_WARN_RANGE_LOOP_ANALYSIS = YES;
				CLANG_WARN_STRICT_PROTOTYPES = YES;
				CLANG_WARN_SUSPICIOUS_MOVE = YES;
				CLANG_WARN_UNGUARDED_AVAILABILITY = YES_AGGRESSIVE;
				CLANG_WARN_UNREACHABLE_CODE = YES;
				CLANG_WARN__DUPLICATE_METHOD_MATCH = YES;
				COPY_PHASE_STRIP = NO;
				DEBUG_INFORMATION_FORMAT = dwarf;
				ENABLE_STRICT_OBJC_MSGSEND = YES;
				ENABLE_TESTABILITY = YES;
				GCC_C_LANGUAGE_STANDARD = gnu11;
				GCC_DYNAMIC_NO_PIC = NO;
				GCC_NO_COMMON_BLOCKS = YES;
				GCC_OPTIMIZATION_LEVEL = 0;
				GCC_PREPROCESSOR_DEFINITIONS = (
					"DEBUG=1",
					"$(inherited)",
				);
				GCC_WARN_64_TO_32_BIT_CONVERSION = YES;
				GCC_WARN_ABOUT_RETURN_TYPE = YES_ERROR;
				GCC_WARN_UNDECLARED_SELECTOR = YES;
				GCC_WARN_UNINITIALIZED_AUTOS = YES_AGGRESSIVE;
				GCC_WARN_UNUSED_FUNCTION = YES;
				GCC_WARN_UNUSED_VARIABLE = YES;
				IPHONEOS_DEPLOYMENT_TARGET = 16.2;
				MTL_ENABLE_DEBUG_INFO = INCLUDE_SOURCE;
				MTL_FAST_MATH = YES;
				ONLY_ACTIVE_ARCH = YES;
				SDKROOT = iphoneos;
				SWIFT_ACTIVE_COMPILATION_CONDITIONS = DEBUG;
				SWIFT_OPTIMIZATION_LEVEL = "-Onone";
			};
			name = Debug;
		};
		758BB6D029C99C48007C3FFB /* Release */ = {
			isa = XCBuildConfiguration;
			buildSettings = {
				ALWAYS_SEARCH_USER_PATHS = NO;
				CLANG_ANALYZER_NONNULL = YES;
				CLANG_ANALYZER_NUMBER_OBJECT_CONVERSION = YES_AGGRESSIVE;
				CLANG_CXX_LANGUAGE_STANDARD = "gnu++20";
				CLANG_ENABLE_MODULES = YES;
				CLANG_ENABLE_OBJC_ARC = YES;
				CLANG_ENABLE_OBJC_WEAK = YES;
				CLANG_WARN_BLOCK_CAPTURE_AUTORELEASING = YES;
				CLANG_WARN_BOOL_CONVERSION = YES;
				CLANG_WARN_COMMA = YES;
				CLANG_WARN_CONSTANT_CONVERSION = YES;
				CLANG_WARN_DEPRECATED_OBJC_IMPLEMENTATIONS = YES;
				CLANG_WARN_DIRECT_OBJC_ISA_USAGE = YES_ERROR;
				CLANG_WARN_DOCUMENTATION_COMMENTS = YES;
				CLANG_WARN_EMPTY_BODY = YES;
				CLANG_WARN_ENUM_CONVERSION = YES;
				CLANG_WARN_INFINITE_RECURSION = YES;
				CLANG_WARN_INT_CONVERSION = YES;
				CLANG_WARN_NON_LITERAL_NULL_CONVERSION = YES;
				CLANG_WARN_OBJC_IMPLICIT_RETAIN_SELF = YES;
				CLANG_WARN_OBJC_LITERAL_CONVERSION = YES;
				CLANG_WARN_OBJC_ROOT_CLASS = YES_ERROR;
				CLANG_WARN_QUOTED_INCLUDE_IN_FRAMEWORK_HEADER = YES;
				CLANG_WARN_RANGE_LOOP_ANALYSIS = YES;
				CLANG_WARN_STRICT_PROTOTYPES = YES;
				CLANG_WARN_SUSPICIOUS_MOVE = YES;
				CLANG_WARN_UNGUARDED_AVAILABILITY = YES_AGGRESSIVE;
				CLANG_WARN_UNREACHABLE_CODE = YES;
				CLANG_WARN__DUPLICATE_METHOD_MATCH = YES;
				COPY_PHASE_STRIP = NO;
				DEBUG_INFORMATION_FORMAT = "dwarf-with-dsym";
				ENABLE_NS_ASSERTIONS = NO;
				ENABLE_STRICT_OBJC_MSGSEND = YES;
				GCC_C_LANGUAGE_STANDARD = gnu11;
				GCC_NO_COMMON_BLOCKS = YES;
				GCC_WARN_64_TO_32_BIT_CONVERSION = YES;
				GCC_WARN_ABOUT_RETURN_TYPE = YES_ERROR;
				GCC_WARN_UNDECLARED_SELECTOR = YES;
				GCC_WARN_UNINITIALIZED_AUTOS = YES_AGGRESSIVE;
				GCC_WARN_UNUSED_FUNCTION = YES;
				GCC_WARN_UNUSED_VARIABLE = YES;
				IPHONEOS_DEPLOYMENT_TARGET = 16.2;
				MTL_ENABLE_DEBUG_INFO = NO;
				MTL_FAST_MATH = YES;
				SDKROOT = iphoneos;
				SWIFT_COMPILATION_MODE = wholemodule;
				SWIFT_OPTIMIZATION_LEVEL = "-O";
				VALIDATE_PRODUCT = YES;
			};
			name = Release;
		};
		758BB6D229C99C48007C3FFB /* Debug */ = {
			isa = XCBuildConfiguration;
			baseConfigurationReference = BDCF7BCE6C907F3C18C706BF /* Pods-Notes.debug.xcconfig */;
			buildSettings = {
				ASSETCATALOG_COMPILER_APPICON_NAME = AppIcon;
				ASSETCATALOG_COMPILER_GLOBAL_ACCENT_COLOR_NAME = AccentColor;
				CODE_SIGN_STYLE = Automatic;
				CURRENT_PROJECT_VERSION = 1;
				GENERATE_INFOPLIST_FILE = YES;
				INFOPLIST_FILE = Notes/Info.plist;
				INFOPLIST_KEY_UIApplicationSupportsIndirectInputEvents = YES;
				INFOPLIST_KEY_UILaunchStoryboardName = LaunchScreen.storyboard;
				INFOPLIST_KEY_UIMainStoryboardFile = Main;
				INFOPLIST_KEY_UISupportedInterfaceOrientations_iPad = "UIInterfaceOrientationPortrait UIInterfaceOrientationPortraitUpsideDown UIInterfaceOrientationLandscapeLeft UIInterfaceOrientationLandscapeRight";
				INFOPLIST_KEY_UISupportedInterfaceOrientations_iPhone = "UIInterfaceOrientationPortrait UIInterfaceOrientationLandscapeLeft UIInterfaceOrientationLandscapeRight";
				LD_RUNPATH_SEARCH_PATHS = (
					"$(inherited)",
					"@executable_path/Frameworks",
				);
				MARKETING_VERSION = 1.0;
				PRODUCT_BUNDLE_IDENTIFIER = com.semdelionteam.notes.Notes;
				PRODUCT_NAME = "$(TARGET_NAME)";
				SWIFT_EMIT_LOC_STRINGS = YES;
				SWIFT_VERSION = 5.0;
				TARGETED_DEVICE_FAMILY = "1,2";
			};
			name = Debug;
		};
		758BB6D329C99C48007C3FFB /* Release */ = {
			isa = XCBuildConfiguration;
			baseConfigurationReference = B8D68FD042C6D8D0910DBA16 /* Pods-Notes.release.xcconfig */;
			buildSettings = {
				ASSETCATALOG_COMPILER_APPICON_NAME = AppIcon;
				ASSETCATALOG_COMPILER_GLOBAL_ACCENT_COLOR_NAME = AccentColor;
				CODE_SIGN_STYLE = Automatic;
				CURRENT_PROJECT_VERSION = 1;
				GENERATE_INFOPLIST_FILE = YES;
				INFOPLIST_FILE = Notes/Info.plist;
				INFOPLIST_KEY_UIApplicationSupportsIndirectInputEvents = YES;
				INFOPLIST_KEY_UILaunchStoryboardName = LaunchScreen.storyboard;
				INFOPLIST_KEY_UIMainStoryboardFile = Main;
				INFOPLIST_KEY_UISupportedInterfaceOrientations_iPad = "UIInterfaceOrientationPortrait UIInterfaceOrientationPortraitUpsideDown UIInterfaceOrientationLandscapeLeft UIInterfaceOrientationLandscapeRight";
				INFOPLIST_KEY_UISupportedInterfaceOrientations_iPhone = "UIInterfaceOrientationPortrait UIInterfaceOrientationLandscapeLeft UIInterfaceOrientationLandscapeRight";
				LD_RUNPATH_SEARCH_PATHS = (
					"$(inherited)",
					"@executable_path/Frameworks",
				);
				MARKETING_VERSION = 1.0;
				PRODUCT_BUNDLE_IDENTIFIER = com.semdelionteam.notes.Notes;
				PRODUCT_NAME = "$(TARGET_NAME)";
				SWIFT_EMIT_LOC_STRINGS = YES;
				SWIFT_VERSION = 5.0;
				TARGETED_DEVICE_FAMILY = "1,2";
			};
			name = Release;
		};
/* End XCBuildConfiguration section */

/* Begin XCConfigurationList section */
		758BB6B829C99C47007C3FFB /* Build configuration list for PBXProject "Notes" */ = {
			isa = XCConfigurationList;
			buildConfigurations = (
				758BB6CF29C99C48007C3FFB /* Debug */,
				758BB6D029C99C48007C3FFB /* Release */,
			);
			defaultConfigurationIsVisible = 0;
			defaultConfigurationName = Release;
		};
		758BB6D129C99C48007C3FFB /* Build configuration list for PBXNativeTarget "Notes" */ = {
			isa = XCConfigurationList;
			buildConfigurations = (
				758BB6D229C99C48007C3FFB /* Debug */,
				758BB6D329C99C48007C3FFB /* Release */,
			);
			defaultConfigurationIsVisible = 0;
			defaultConfigurationName = Release;
		};
/* End XCConfigurationList section */
	};
	rootObject = 758BB6B529C99C47007C3FFB /* Project object */;
}
